// !$*UTF8*$!
{
	archiveVersion = 1;
	classes = {
	};
	objectVersion = 50;
	objects = {

/* Begin PBXBuildFile section */
		22799FD7A113151F8ED2178F /* Pods_Travel.framework in Frameworks */ = {isa = PBXBuildFile; fileRef = 18048E5CB3975E117A513C0B /* Pods_Travel.framework */; };
		9D0E196E2151FE1C00CE1C4A /* AppDelegate.swift in Sources */ = {isa = PBXBuildFile; fileRef = 9D0E196D2151FE1C00CE1C4A /* AppDelegate.swift */; };
		9D0E19732151FE1C00CE1C4A /* Main.storyboard in Resources */ = {isa = PBXBuildFile; fileRef = 9D0E19712151FE1C00CE1C4A /* Main.storyboard */; };
		9D0E19782151FE1D00CE1C4A /* LaunchScreen.storyboard in Resources */ = {isa = PBXBuildFile; fileRef = 9D0E19762151FE1D00CE1C4A /* LaunchScreen.storyboard */; };
		9D26487B216E401300718F7A /* TripListFooter.swift in Sources */ = {isa = PBXBuildFile; fileRef = 9D26487A216E401300718F7A /* TripListFooter.swift */; };
		9D26487D216E402600718F7A /* TripListFooter.xib in Resources */ = {isa = PBXBuildFile; fileRef = 9D26487C216E402600718F7A /* TripListFooter.xib */; };
		9D4A14862152543100748E06 /* Login.storyboard in Resources */ = {isa = PBXBuildFile; fileRef = 9D4A14852152543100748E06 /* Login.storyboard */; };
		9D4A14882152560D00748E06 /* UIView+Extension.swift in Sources */ = {isa = PBXBuildFile; fileRef = 9D4A14872152560D00748E06 /* UIView+Extension.swift */; };
		9D4A148F2152627C00748E06 /* LoginViewController.swift in Sources */ = {isa = PBXBuildFile; fileRef = 9D4A148E2152627C00748E06 /* LoginViewController.swift */; };
		9D4A14912152A56600748E06 /* GoogleService-Info.plist in Resources */ = {isa = PBXBuildFile; fileRef = 9D4A14902152A56600748E06 /* GoogleService-Info.plist */; };
		9D4A149321533E9600748E06 /* FacebookManager.swift in Sources */ = {isa = PBXBuildFile; fileRef = 9D4A149221533E9600748E06 /* FacebookManager.swift */; };
		9D514DAF2175C79700A39151 /* Photos.swift in Sources */ = {isa = PBXBuildFile; fileRef = 9D514DAE2175C79700A39151 /* Photos.swift */; };
		9D6B5D03216F4C3500066756 /* DayCollectionFooter.swift in Sources */ = {isa = PBXBuildFile; fileRef = 9D6B5D02216F4C3500066756 /* DayCollectionFooter.swift */; };
		9D6B5D07216F5A6000066756 /* DayCollectionFooter.xib in Resources */ = {isa = PBXBuildFile; fileRef = 9D6B5D06216F5A6000066756 /* DayCollectionFooter.xib */; };
		9D6C1585215E846100574A12 /* CreateTripViewController.swift in Sources */ = {isa = PBXBuildFile; fileRef = 9D6C1584215E846100574A12 /* CreateTripViewController.swift */; };
		9D96457D21613BF600D6E42E /* CustomCell.swift in Sources */ = {isa = PBXBuildFile; fileRef = 9D96457B21613BF600D6E42E /* CustomCell.swift */; };
		9DA095A82153A3CA008C1358 /* Search.storyboard in Resources */ = {isa = PBXBuildFile; fileRef = 9DA095A72153A3CA008C1358 /* Search.storyboard */; };
		9DA095AC2153ABB1008C1358 /* SearchViewController.swift in Sources */ = {isa = PBXBuildFile; fileRef = 9DA095AB2153ABB1008C1358 /* SearchViewController.swift */; };
		9DA095B02153C297008C1358 /* SearchNaviViewController.swift in Sources */ = {isa = PBXBuildFile; fileRef = 9DA095AF2153C297008C1358 /* SearchNaviViewController.swift */; };
		9DADC8512164F4C9008D50D2 /* TripsError.swift in Sources */ = {isa = PBXBuildFile; fileRef = 9DADC8502164F4C9008D50D2 /* TripsError.swift */; };
		9DADC85321650AEA008D50D2 /* Trips.swift in Sources */ = {isa = PBXBuildFile; fileRef = 9DADC85221650AEA008D50D2 /* Trips.swift */; };
		9DADC85521650DA6008D50D2 /* TripsProvider.swift in Sources */ = {isa = PBXBuildFile; fileRef = 9DADC85421650DA6008D50D2 /* TripsProvider.swift */; };
		9DD30AC32172502500AF7BC1 /* SFCompactText-Regular.otf in Resources */ = {isa = PBXBuildFile; fileRef = 9DD30ABD21724F9A00AF7BC1 /* SFCompactText-Regular.otf */; };
		9DD30AC52172503700AF7BC1 /* SFCompactText-Medium.otf in Resources */ = {isa = PBXBuildFile; fileRef = 9DD30AAC21724F9800AF7BC1 /* SFCompactText-Medium.otf */; };
		9DD30AC62172503E00AF7BC1 /* SFCompactText-Light.otf in Resources */ = {isa = PBXBuildFile; fileRef = 9DD30AB221724F9800AF7BC1 /* SFCompactText-Light.otf */; };
		9DD30AC72172504A00AF7BC1 /* SFCompactDisplay-Light.otf in Resources */ = {isa = PBXBuildFile; fileRef = 9DD30AB821724F9900AF7BC1 /* SFCompactDisplay-Light.otf */; };
		9DD30AC82172504D00AF7BC1 /* SFCompactDisplay-Medium.otf in Resources */ = {isa = PBXBuildFile; fileRef = 9DD30ABF21724F9A00AF7BC1 /* SFCompactDisplay-Medium.otf */; };
		9DD30AC92172505000AF7BC1 /* SFCompactDisplay-Regular.otf in Resources */ = {isa = PBXBuildFile; fileRef = 9DD30AB021724F9800AF7BC1 /* SFCompactDisplay-Regular.otf */; };
		9DD30ACA2172505300AF7BC1 /* SFCompactDisplay-Semibold.otf in Resources */ = {isa = PBXBuildFile; fileRef = 9DD30ABA21724F9900AF7BC1 /* SFCompactDisplay-Semibold.otf */; };
		9DD30ACB2172505600AF7BC1 /* SFCompactText-Semibold.otf in Resources */ = {isa = PBXBuildFile; fileRef = 9DD30AB421724F9900AF7BC1 /* SFCompactText-Semibold.otf */; };
		9DD30ACC2172505900AF7BC1 /* SFCompactDisplay-Bold.otf in Resources */ = {isa = PBXBuildFile; fileRef = 9DD30AB921724F9900AF7BC1 /* SFCompactDisplay-Bold.otf */; };
		9DD30ACD2172506000AF7BC1 /* SFCompactText-Bold.otf in Resources */ = {isa = PBXBuildFile; fileRef = 9DD30AAD21724F9800AF7BC1 /* SFCompactText-Bold.otf */; };
		9DD30ACE2172506800AF7BC1 /* SFCompactDisplay-Thin.otf in Resources */ = {isa = PBXBuildFile; fileRef = 9DD30AB121724F9800AF7BC1 /* SFCompactDisplay-Thin.otf */; };
		9DD30AD02172526A00AF7BC1 /* ViewController.swift in Sources */ = {isa = PBXBuildFile; fileRef = 9DD30ACF2172526A00AF7BC1 /* ViewController.swift */; };
		9DD30AD2217255C700AF7BC1 /* SFCompactDisplay-Ultralight.otf in Resources */ = {isa = PBXBuildFile; fileRef = 9DD30AD1217255BC00AF7BC1 /* SFCompactDisplay-Ultralight.otf */; };
		9DD30AD421733E7D00AF7BC1 /* TriplistHeader.swift in Sources */ = {isa = PBXBuildFile; fileRef = 9DD30AD321733E7D00AF7BC1 /* TriplistHeader.swift */; };
		9DD30AD621733E9900AF7BC1 /* TriplistHeader.xib in Resources */ = {isa = PBXBuildFile; fileRef = 9DD30AD521733E9900AF7BC1 /* TriplistHeader.xib */; };
		9DD7944521620EDA00C42800 /* TravelColor.swift in Sources */ = {isa = PBXBuildFile; fileRef = 9DD7944421620EDA00C42800 /* TravelColor.swift */; };
		9DDE5B61215F4F310096C4FC /* DetailViewController.swift in Sources */ = {isa = PBXBuildFile; fileRef = 9DDE5B60215F4F310096C4FC /* DetailViewController.swift */; };
		9DDE5B64215F84B50096C4FC /* AlertManager.swift in Sources */ = {isa = PBXBuildFile; fileRef = 9DDE5B63215F84B50096C4FC /* AlertManager.swift */; };
		9DDE5B66215FC63F0096C4FC /* Assets.xcassets in Resources */ = {isa = PBXBuildFile; fileRef = 9DDE5B65215FC63F0096C4FC /* Assets.xcassets */; };
		9DDE5B68215FD7160096C4FC /* TripSelectionViewController.swift in Sources */ = {isa = PBXBuildFile; fileRef = 9DDE5B67215FD7160096C4FC /* TripSelectionViewController.swift */; };
		9DDE5B6E216061B60096C4FC /* DayCollectionViewCell.swift in Sources */ = {isa = PBXBuildFile; fileRef = 9DDE5B6C216061B60096C4FC /* DayCollectionViewCell.swift */; };
		9DDE5B6F216061B60096C4FC /* DayCollectionViewCell.xib in Resources */ = {isa = PBXBuildFile; fileRef = 9DDE5B6D216061B60096C4FC /* DayCollectionViewCell.xib */; };
		9DDE5B72216062050096C4FC /* TripTableViewCell.swift in Sources */ = {isa = PBXBuildFile; fileRef = 9DDE5B70216062050096C4FC /* TripTableViewCell.swift */; };
		9DDE5B73216062050096C4FC /* TripTableViewCell.xib in Resources */ = {isa = PBXBuildFile; fileRef = 9DDE5B71216062050096C4FC /* TripTableViewCell.xib */; };
		9DEFCBC021634B1E00CE452A /* CalendarHeader.swift in Sources */ = {isa = PBXBuildFile; fileRef = 9DEFCBBF21634B1E00CE452A /* CalendarHeader.swift */; };
		9DF143CB215B7934004E2DF1 /* TripListTableViewCell.swift in Sources */ = {isa = PBXBuildFile; fileRef = 9DF143C9215B7934004E2DF1 /* TripListTableViewCell.swift */; };
		9DF143CC215B7934004E2DF1 /* TripListTableViewCell.xib in Resources */ = {isa = PBXBuildFile; fileRef = 9DF143CA215B7934004E2DF1 /* TripListTableViewCell.xib */; };
		9DF3400F215C67B9002A957D /* Preserved.storyboard in Resources */ = {isa = PBXBuildFile; fileRef = 9DF3400E215C67B9002A957D /* Preserved.storyboard */; };
		9DF34011215C67E7002A957D /* Checklist.storyboard in Resources */ = {isa = PBXBuildFile; fileRef = 9DF34010215C67E7002A957D /* Checklist.storyboard */; };
		9DF34013215C6809002A957D /* Profile.storyboard in Resources */ = {isa = PBXBuildFile; fileRef = 9DF34012215C6809002A957D /* Profile.storyboard */; };
		9DF34015215C6873002A957D /* MyTrip.storyboard in Resources */ = {isa = PBXBuildFile; fileRef = 9DF34014215C6873002A957D /* MyTrip.storyboard */; };
		9DF34018215C8FF3002A957D /* PreservedViewController.swift in Sources */ = {isa = PBXBuildFile; fileRef = 9DF34017215C8FF3002A957D /* PreservedViewController.swift */; };
		9DF3401C215C90AF002A957D /* PreservedTableViewCell.swift in Sources */ = {isa = PBXBuildFile; fileRef = 9DF3401A215C90AF002A957D /* PreservedTableViewCell.swift */; };
		9DF3401D215C90AF002A957D /* PreservedTableViewCell.xib in Resources */ = {isa = PBXBuildFile; fileRef = 9DF3401B215C90AF002A957D /* PreservedTableViewCell.xib */; };
		9DF34023215CD875002A957D /* WeatherTableViewCell.swift in Sources */ = {isa = PBXBuildFile; fileRef = 9DF34021215CD875002A957D /* WeatherTableViewCell.swift */; };
		9DF34024215CD875002A957D /* WeatherTableViewCell.xib in Resources */ = {isa = PBXBuildFile; fileRef = 9DF34022215CD875002A957D /* WeatherTableViewCell.xib */; };
		9DF34028215CE285002A957D /* ChecklistTableViewCell.swift in Sources */ = {isa = PBXBuildFile; fileRef = 9DF34026215CE285002A957D /* ChecklistTableViewCell.swift */; };
		9DF34029215CE285002A957D /* ChecklistTableViewCell.xib in Resources */ = {isa = PBXBuildFile; fileRef = 9DF34027215CE285002A957D /* ChecklistTableViewCell.xib */; };
		9DF34030215D401B002A957D /* ChecklistHeader.swift in Sources */ = {isa = PBXBuildFile; fileRef = 9DF3402E215D401B002A957D /* ChecklistHeader.swift */; };
		9DF34031215D401B002A957D /* ChecklistHeader.xib in Resources */ = {isa = PBXBuildFile; fileRef = 9DF3402F215D401B002A957D /* ChecklistHeader.xib */; };
		9DF34035215DD745002A957D /* ChecklistFooter.swift in Sources */ = {isa = PBXBuildFile; fileRef = 9DF34033215DD745002A957D /* ChecklistFooter.swift */; };
		9DF34036215DD745002A957D /* ChecklistFooter.xib in Resources */ = {isa = PBXBuildFile; fileRef = 9DF34034215DD745002A957D /* ChecklistFooter.xib */; };
		9DF61B382159DFF4005919E8 /* MyTripsCell.swift in Sources */ = {isa = PBXBuildFile; fileRef = 9DF61B362159DFF4005919E8 /* MyTripsCell.swift */; };
		9DF61B392159DFF4005919E8 /* MyTripsCell.xib in Resources */ = {isa = PBXBuildFile; fileRef = 9DF61B372159DFF4005919E8 /* MyTripsCell.xib */; };
		9DF61B3B215A0950005919E8 /* TripNaviViewController.swift in Sources */ = {isa = PBXBuildFile; fileRef = 9DF61B3A215A0950005919E8 /* TripNaviViewController.swift */; };
		9DF61B3D215A0C7B005919E8 /* TripListViewController.swift in Sources */ = {isa = PBXBuildFile; fileRef = 9DF61B3C215A0C7B005919E8 /* TripListViewController.swift */; };
		9DF61B41215A162F005919E8 /* TabBarViewController.swift in Sources */ = {isa = PBXBuildFile; fileRef = 9DF61B40215A162F005919E8 /* TabBarViewController.swift */; };
		9DF61B46215A2629005919E8 /* UIStoryboard+Extension.swift in Sources */ = {isa = PBXBuildFile; fileRef = 9DF61B45215A2629005919E8 /* UIStoryboard+Extension.swift */; };
		9DF61B5B215A62D7005919E8 /* MenuBarCollectionViewCell.swift in Sources */ = {isa = PBXBuildFile; fileRef = 9DF61B59215A62D7005919E8 /* MenuBarCollectionViewCell.swift */; };
		9DF61B5C215A62D7005919E8 /* MenuBarCollectionViewCell.xib in Resources */ = {isa = PBXBuildFile; fileRef = 9DF61B5A215A62D7005919E8 /* MenuBarCollectionViewCell.xib */; };
		9DF64F4021589670000D0300 /* MyTripViewController.swift in Sources */ = {isa = PBXBuildFile; fileRef = 9DF64F3F21589670000D0300 /* MyTripViewController.swift */; };
		9DF64F42215896F9000D0300 /* ChecklistViewController.swift in Sources */ = {isa = PBXBuildFile; fileRef = 9DF64F41215896F9000D0300 /* ChecklistViewController.swift */; };
		9DF64F4421589715000D0300 /* ProfileViewController.swift in Sources */ = {isa = PBXBuildFile; fileRef = 9DF64F4321589715000D0300 /* ProfileViewController.swift */; };
		9DF74F29216C56FA003D4605 /* PhotoProvider.swift in Sources */ = {isa = PBXBuildFile; fileRef = 9DF74F28216C56FA003D4605 /* PhotoProvider.swift */; };
		9DFA4FF22168704300A9C13F /* Checklist.swift in Sources */ = {isa = PBXBuildFile; fileRef = 9DFA4FF12168704300A9C13F /* Checklist.swift */; };
		9DFD95C02164F0520098DE55 /* TripsManager.swift in Sources */ = {isa = PBXBuildFile; fileRef = 9DFD95BF2164F0520098DE55 /* TripsManager.swift */; };
/* End PBXBuildFile section */

/* Begin PBXFileReference section */
		18048E5CB3975E117A513C0B /* Pods_Travel.framework */ = {isa = PBXFileReference; explicitFileType = wrapper.framework; includeInIndex = 0; path = Pods_Travel.framework; sourceTree = BUILT_PRODUCTS_DIR; };
		3DD0A35056E91AD5278D3CA8 /* Pods-Travel.debug.xcconfig */ = {isa = PBXFileReference; includeInIndex = 1; lastKnownFileType = text.xcconfig; name = "Pods-Travel.debug.xcconfig"; path = "Pods/Target Support Files/Pods-Travel/Pods-Travel.debug.xcconfig"; sourceTree = "<group>"; };
		9D0E196A2151FE1C00CE1C4A /* Travel.app */ = {isa = PBXFileReference; explicitFileType = wrapper.application; includeInIndex = 0; path = Travel.app; sourceTree = BUILT_PRODUCTS_DIR; };
		9D0E196D2151FE1C00CE1C4A /* AppDelegate.swift */ = {isa = PBXFileReference; lastKnownFileType = sourcecode.swift; path = AppDelegate.swift; sourceTree = "<group>"; };
		9D0E19722151FE1C00CE1C4A /* Base */ = {isa = PBXFileReference; lastKnownFileType = file.storyboard; name = Base; path = Base.lproj/Main.storyboard; sourceTree = "<group>"; };
		9D0E19772151FE1D00CE1C4A /* Base */ = {isa = PBXFileReference; lastKnownFileType = file.storyboard; name = Base; path = Base.lproj/LaunchScreen.storyboard; sourceTree = "<group>"; };
		9D0E19792151FE1D00CE1C4A /* Info.plist */ = {isa = PBXFileReference; lastKnownFileType = text.plist.xml; path = Info.plist; sourceTree = "<group>"; };
		9D26487A216E401300718F7A /* TripListFooter.swift */ = {isa = PBXFileReference; lastKnownFileType = sourcecode.swift; path = TripListFooter.swift; sourceTree = "<group>"; };
		9D26487C216E402600718F7A /* TripListFooter.xib */ = {isa = PBXFileReference; lastKnownFileType = file.xib; path = TripListFooter.xib; sourceTree = "<group>"; };
		9D4A14852152543100748E06 /* Login.storyboard */ = {isa = PBXFileReference; lastKnownFileType = file.storyboard; path = Login.storyboard; sourceTree = "<group>"; };
		9D4A14872152560D00748E06 /* UIView+Extension.swift */ = {isa = PBXFileReference; lastKnownFileType = sourcecode.swift; path = "UIView+Extension.swift"; sourceTree = "<group>"; };
		9D4A148E2152627C00748E06 /* LoginViewController.swift */ = {isa = PBXFileReference; lastKnownFileType = sourcecode.swift; path = LoginViewController.swift; sourceTree = "<group>"; };
		9D4A14902152A56600748E06 /* GoogleService-Info.plist */ = {isa = PBXFileReference; fileEncoding = 4; lastKnownFileType = text.plist.xml; path = "GoogleService-Info.plist"; sourceTree = "<group>"; };
		9D4A149221533E9600748E06 /* FacebookManager.swift */ = {isa = PBXFileReference; lastKnownFileType = sourcecode.swift; path = FacebookManager.swift; sourceTree = "<group>"; };
		9D514DAE2175C79700A39151 /* Photos.swift */ = {isa = PBXFileReference; lastKnownFileType = sourcecode.swift; path = Photos.swift; sourceTree = "<group>"; };
		9D6B5D02216F4C3500066756 /* DayCollectionFooter.swift */ = {isa = PBXFileReference; lastKnownFileType = sourcecode.swift; path = DayCollectionFooter.swift; sourceTree = "<group>"; };
		9D6B5D06216F5A6000066756 /* DayCollectionFooter.xib */ = {isa = PBXFileReference; lastKnownFileType = file.xib; path = DayCollectionFooter.xib; sourceTree = "<group>"; };
		9D6C1584215E846100574A12 /* CreateTripViewController.swift */ = {isa = PBXFileReference; lastKnownFileType = sourcecode.swift; path = CreateTripViewController.swift; sourceTree = "<group>"; };
		9D96457B21613BF600D6E42E /* CustomCell.swift */ = {isa = PBXFileReference; lastKnownFileType = sourcecode.swift; path = CustomCell.swift; sourceTree = "<group>"; };
		9DA095A72153A3CA008C1358 /* Search.storyboard */ = {isa = PBXFileReference; lastKnownFileType = file.storyboard; path = Search.storyboard; sourceTree = "<group>"; };
		9DA095AB2153ABB1008C1358 /* SearchViewController.swift */ = {isa = PBXFileReference; lastKnownFileType = sourcecode.swift; path = SearchViewController.swift; sourceTree = "<group>"; };
		9DA095AF2153C297008C1358 /* SearchNaviViewController.swift */ = {isa = PBXFileReference; lastKnownFileType = sourcecode.swift; path = SearchNaviViewController.swift; sourceTree = "<group>"; };
		9DADC8502164F4C9008D50D2 /* TripsError.swift */ = {isa = PBXFileReference; lastKnownFileType = sourcecode.swift; path = TripsError.swift; sourceTree = "<group>"; };
		9DADC85221650AEA008D50D2 /* Trips.swift */ = {isa = PBXFileReference; lastKnownFileType = sourcecode.swift; path = Trips.swift; sourceTree = "<group>"; };
		9DADC85421650DA6008D50D2 /* TripsProvider.swift */ = {isa = PBXFileReference; lastKnownFileType = sourcecode.swift; path = TripsProvider.swift; sourceTree = "<group>"; };
		9DD30AAC21724F9800AF7BC1 /* SFCompactText-Medium.otf */ = {isa = PBXFileReference; lastKnownFileType = file; path = "SFCompactText-Medium.otf"; sourceTree = "<group>"; };
		9DD30AAD21724F9800AF7BC1 /* SFCompactText-Bold.otf */ = {isa = PBXFileReference; lastKnownFileType = file; path = "SFCompactText-Bold.otf"; sourceTree = "<group>"; };
		9DD30AB021724F9800AF7BC1 /* SFCompactDisplay-Regular.otf */ = {isa = PBXFileReference; lastKnownFileType = file; path = "SFCompactDisplay-Regular.otf"; sourceTree = "<group>"; };
		9DD30AB121724F9800AF7BC1 /* SFCompactDisplay-Thin.otf */ = {isa = PBXFileReference; lastKnownFileType = file; path = "SFCompactDisplay-Thin.otf"; sourceTree = "<group>"; };
		9DD30AB221724F9800AF7BC1 /* SFCompactText-Light.otf */ = {isa = PBXFileReference; lastKnownFileType = file; path = "SFCompactText-Light.otf"; sourceTree = "<group>"; };
		9DD30AB421724F9900AF7BC1 /* SFCompactText-Semibold.otf */ = {isa = PBXFileReference; lastKnownFileType = file; path = "SFCompactText-Semibold.otf"; sourceTree = "<group>"; };
		9DD30AB821724F9900AF7BC1 /* SFCompactDisplay-Light.otf */ = {isa = PBXFileReference; lastKnownFileType = file; path = "SFCompactDisplay-Light.otf"; sourceTree = "<group>"; };
		9DD30AB921724F9900AF7BC1 /* SFCompactDisplay-Bold.otf */ = {isa = PBXFileReference; lastKnownFileType = file; path = "SFCompactDisplay-Bold.otf"; sourceTree = "<group>"; };
		9DD30ABA21724F9900AF7BC1 /* SFCompactDisplay-Semibold.otf */ = {isa = PBXFileReference; lastKnownFileType = file; path = "SFCompactDisplay-Semibold.otf"; sourceTree = "<group>"; };
		9DD30ABD21724F9A00AF7BC1 /* SFCompactText-Regular.otf */ = {isa = PBXFileReference; lastKnownFileType = file; path = "SFCompactText-Regular.otf"; sourceTree = "<group>"; };
		9DD30ABF21724F9A00AF7BC1 /* SFCompactDisplay-Medium.otf */ = {isa = PBXFileReference; lastKnownFileType = file; path = "SFCompactDisplay-Medium.otf"; sourceTree = "<group>"; };
		9DD30ACF2172526A00AF7BC1 /* ViewController.swift */ = {isa = PBXFileReference; lastKnownFileType = sourcecode.swift; path = ViewController.swift; sourceTree = "<group>"; };
		9DD30AD1217255BC00AF7BC1 /* SFCompactDisplay-Ultralight.otf */ = {isa = PBXFileReference; lastKnownFileType = file; path = "SFCompactDisplay-Ultralight.otf"; sourceTree = "<group>"; };
		9DD30AD321733E7D00AF7BC1 /* TriplistHeader.swift */ = {isa = PBXFileReference; lastKnownFileType = sourcecode.swift; path = TriplistHeader.swift; sourceTree = "<group>"; };
		9DD30AD521733E9900AF7BC1 /* TriplistHeader.xib */ = {isa = PBXFileReference; lastKnownFileType = file.xib; path = TriplistHeader.xib; sourceTree = "<group>"; };
		9DD7944421620EDA00C42800 /* TravelColor.swift */ = {isa = PBXFileReference; lastKnownFileType = sourcecode.swift; path = TravelColor.swift; sourceTree = "<group>"; };
		9DDE5B60215F4F310096C4FC /* DetailViewController.swift */ = {isa = PBXFileReference; lastKnownFileType = sourcecode.swift; path = DetailViewController.swift; sourceTree = "<group>"; };
		9DDE5B63215F84B50096C4FC /* AlertManager.swift */ = {isa = PBXFileReference; lastKnownFileType = sourcecode.swift; path = AlertManager.swift; sourceTree = "<group>"; };
		9DDE5B65215FC63F0096C4FC /* Assets.xcassets */ = {isa = PBXFileReference; lastKnownFileType = folder.assetcatalog; path = Assets.xcassets; sourceTree = "<group>"; };
		9DDE5B67215FD7160096C4FC /* TripSelectionViewController.swift */ = {isa = PBXFileReference; lastKnownFileType = sourcecode.swift; path = TripSelectionViewController.swift; sourceTree = "<group>"; };
		9DDE5B6C216061B60096C4FC /* DayCollectionViewCell.swift */ = {isa = PBXFileReference; lastKnownFileType = sourcecode.swift; path = DayCollectionViewCell.swift; sourceTree = "<group>"; };
		9DDE5B6D216061B60096C4FC /* DayCollectionViewCell.xib */ = {isa = PBXFileReference; lastKnownFileType = file.xib; path = DayCollectionViewCell.xib; sourceTree = "<group>"; };
		9DDE5B70216062050096C4FC /* TripTableViewCell.swift */ = {isa = PBXFileReference; lastKnownFileType = sourcecode.swift; path = TripTableViewCell.swift; sourceTree = "<group>"; };
		9DDE5B71216062050096C4FC /* TripTableViewCell.xib */ = {isa = PBXFileReference; lastKnownFileType = file.xib; path = TripTableViewCell.xib; sourceTree = "<group>"; };
		9DEFCBBF21634B1E00CE452A /* CalendarHeader.swift */ = {isa = PBXFileReference; lastKnownFileType = sourcecode.swift; path = CalendarHeader.swift; sourceTree = "<group>"; };
		9DF143C9215B7934004E2DF1 /* TripListTableViewCell.swift */ = {isa = PBXFileReference; lastKnownFileType = sourcecode.swift; path = TripListTableViewCell.swift; sourceTree = "<group>"; };
		9DF143CA215B7934004E2DF1 /* TripListTableViewCell.xib */ = {isa = PBXFileReference; lastKnownFileType = file.xib; path = TripListTableViewCell.xib; sourceTree = "<group>"; };
		9DF3400E215C67B9002A957D /* Preserved.storyboard */ = {isa = PBXFileReference; lastKnownFileType = file.storyboard; path = Preserved.storyboard; sourceTree = "<group>"; };
		9DF34010215C67E7002A957D /* Checklist.storyboard */ = {isa = PBXFileReference; lastKnownFileType = file.storyboard; path = Checklist.storyboard; sourceTree = "<group>"; };
		9DF34012215C6809002A957D /* Profile.storyboard */ = {isa = PBXFileReference; lastKnownFileType = file.storyboard; path = Profile.storyboard; sourceTree = "<group>"; };
		9DF34014215C6873002A957D /* MyTrip.storyboard */ = {isa = PBXFileReference; lastKnownFileType = file.storyboard; path = MyTrip.storyboard; sourceTree = "<group>"; };
		9DF34017215C8FF3002A957D /* PreservedViewController.swift */ = {isa = PBXFileReference; lastKnownFileType = sourcecode.swift; path = PreservedViewController.swift; sourceTree = "<group>"; };
		9DF3401A215C90AF002A957D /* PreservedTableViewCell.swift */ = {isa = PBXFileReference; lastKnownFileType = sourcecode.swift; path = PreservedTableViewCell.swift; sourceTree = "<group>"; };
		9DF3401B215C90AF002A957D /* PreservedTableViewCell.xib */ = {isa = PBXFileReference; lastKnownFileType = file.xib; path = PreservedTableViewCell.xib; sourceTree = "<group>"; };
		9DF34021215CD875002A957D /* WeatherTableViewCell.swift */ = {isa = PBXFileReference; lastKnownFileType = sourcecode.swift; path = WeatherTableViewCell.swift; sourceTree = "<group>"; };
		9DF34022215CD875002A957D /* WeatherTableViewCell.xib */ = {isa = PBXFileReference; lastKnownFileType = file.xib; path = WeatherTableViewCell.xib; sourceTree = "<group>"; };
		9DF34026215CE285002A957D /* ChecklistTableViewCell.swift */ = {isa = PBXFileReference; lastKnownFileType = sourcecode.swift; path = ChecklistTableViewCell.swift; sourceTree = "<group>"; };
		9DF34027215CE285002A957D /* ChecklistTableViewCell.xib */ = {isa = PBXFileReference; lastKnownFileType = file.xib; path = ChecklistTableViewCell.xib; sourceTree = "<group>"; };
		9DF3402E215D401B002A957D /* ChecklistHeader.swift */ = {isa = PBXFileReference; lastKnownFileType = sourcecode.swift; path = ChecklistHeader.swift; sourceTree = "<group>"; };
		9DF3402F215D401B002A957D /* ChecklistHeader.xib */ = {isa = PBXFileReference; lastKnownFileType = file.xib; path = ChecklistHeader.xib; sourceTree = "<group>"; };
		9DF34033215DD745002A957D /* ChecklistFooter.swift */ = {isa = PBXFileReference; lastKnownFileType = sourcecode.swift; path = ChecklistFooter.swift; sourceTree = "<group>"; };
		9DF34034215DD745002A957D /* ChecklistFooter.xib */ = {isa = PBXFileReference; lastKnownFileType = file.xib; path = ChecklistFooter.xib; sourceTree = "<group>"; };
		9DF61B362159DFF4005919E8 /* MyTripsCell.swift */ = {isa = PBXFileReference; lastKnownFileType = sourcecode.swift; path = MyTripsCell.swift; sourceTree = "<group>"; };
		9DF61B372159DFF4005919E8 /* MyTripsCell.xib */ = {isa = PBXFileReference; lastKnownFileType = file.xib; path = MyTripsCell.xib; sourceTree = "<group>"; };
		9DF61B3A215A0950005919E8 /* TripNaviViewController.swift */ = {isa = PBXFileReference; lastKnownFileType = sourcecode.swift; path = TripNaviViewController.swift; sourceTree = "<group>"; };
		9DF61B3C215A0C7B005919E8 /* TripListViewController.swift */ = {isa = PBXFileReference; lastKnownFileType = sourcecode.swift; path = TripListViewController.swift; sourceTree = "<group>"; };
		9DF61B40215A162F005919E8 /* TabBarViewController.swift */ = {isa = PBXFileReference; lastKnownFileType = sourcecode.swift; path = TabBarViewController.swift; sourceTree = "<group>"; };
		9DF61B45215A2629005919E8 /* UIStoryboard+Extension.swift */ = {isa = PBXFileReference; lastKnownFileType = sourcecode.swift; path = "UIStoryboard+Extension.swift"; sourceTree = "<group>"; };
		9DF61B59215A62D7005919E8 /* MenuBarCollectionViewCell.swift */ = {isa = PBXFileReference; lastKnownFileType = sourcecode.swift; path = MenuBarCollectionViewCell.swift; sourceTree = "<group>"; };
		9DF61B5A215A62D7005919E8 /* MenuBarCollectionViewCell.xib */ = {isa = PBXFileReference; lastKnownFileType = file.xib; path = MenuBarCollectionViewCell.xib; sourceTree = "<group>"; };
		9DF64F3F21589670000D0300 /* MyTripViewController.swift */ = {isa = PBXFileReference; lastKnownFileType = sourcecode.swift; path = MyTripViewController.swift; sourceTree = "<group>"; };
		9DF64F41215896F9000D0300 /* ChecklistViewController.swift */ = {isa = PBXFileReference; lastKnownFileType = sourcecode.swift; path = ChecklistViewController.swift; sourceTree = "<group>"; };
		9DF64F4321589715000D0300 /* ProfileViewController.swift */ = {isa = PBXFileReference; lastKnownFileType = sourcecode.swift; path = ProfileViewController.swift; sourceTree = "<group>"; };
		9DF74F28216C56FA003D4605 /* PhotoProvider.swift */ = {isa = PBXFileReference; lastKnownFileType = sourcecode.swift; path = PhotoProvider.swift; sourceTree = "<group>"; };
		9DFA4FF12168704300A9C13F /* Checklist.swift */ = {isa = PBXFileReference; lastKnownFileType = sourcecode.swift; path = Checklist.swift; sourceTree = "<group>"; };
		9DFD95BF2164F0520098DE55 /* TripsManager.swift */ = {isa = PBXFileReference; lastKnownFileType = sourcecode.swift; path = TripsManager.swift; sourceTree = "<group>"; };
		CCAEA57933F7E11B89263A7F /* Pods-Travel.release.xcconfig */ = {isa = PBXFileReference; includeInIndex = 1; lastKnownFileType = text.xcconfig; name = "Pods-Travel.release.xcconfig"; path = "Pods/Target Support Files/Pods-Travel/Pods-Travel.release.xcconfig"; sourceTree = "<group>"; };
/* End PBXFileReference section */

/* Begin PBXFrameworksBuildPhase section */
		9D0E19672151FE1C00CE1C4A /* Frameworks */ = {
			isa = PBXFrameworksBuildPhase;
			buildActionMask = 2147483647;
			files = (
				22799FD7A113151F8ED2178F /* Pods_Travel.framework in Frameworks */,
			);
			runOnlyForDeploymentPostprocessing = 0;
		};
/* End PBXFrameworksBuildPhase section */

/* Begin PBXGroup section */
		3E75C065C762AD25F33BC193 /* Frameworks */ = {
			isa = PBXGroup;
			children = (
				18048E5CB3975E117A513C0B /* Pods_Travel.framework */,
			);
			name = Frameworks;
			sourceTree = "<group>";
		};
		767A5588B567B9CF50CCB28B /* Pods */ = {
			isa = PBXGroup;
			children = (
				3DD0A35056E91AD5278D3CA8 /* Pods-Travel.debug.xcconfig */,
				CCAEA57933F7E11B89263A7F /* Pods-Travel.release.xcconfig */,
			);
			name = Pods;
			sourceTree = "<group>";
		};
		9D0E19612151FE1C00CE1C4A = {
			isa = PBXGroup;
			children = (
				9D0E196C2151FE1C00CE1C4A /* Travel */,
				9D0E196B2151FE1C00CE1C4A /* Products */,
				767A5588B567B9CF50CCB28B /* Pods */,
				3E75C065C762AD25F33BC193 /* Frameworks */,
			);
			sourceTree = "<group>";
		};
		9D0E196B2151FE1C00CE1C4A /* Products */ = {
			isa = PBXGroup;
			children = (
				9D0E196A2151FE1C00CE1C4A /* Travel.app */,
			);
			name = Products;
			sourceTree = "<group>";
		};
		9D0E196C2151FE1C00CE1C4A /* Travel */ = {
			isa = PBXGroup;
			children = (
				9DD30AC221724FD400AF7BC1 /* Resources */,
				9D0E196D2151FE1C00CE1C4A /* AppDelegate.swift */,
				9DF61B42215A1833005919E8 /* Data */,
				9D4A148C21525C7100748E06 /* Extension */,
				9D4A148B21525C6500748E06 /* Controller */,
				9D4A148A21525C5100748E06 /* Model */,
				9D4A148921525C3300748E06 /* Views */,
				9DF34016215C7036002A957D /* Support */,
				9D4A148D21525CA700748E06 /* Storyboard */,
				9D0E19762151FE1D00CE1C4A /* LaunchScreen.storyboard */,
				9DDE5B65215FC63F0096C4FC /* Assets.xcassets */,
				9D0E19792151FE1D00CE1C4A /* Info.plist */,
				9D4A14902152A56600748E06 /* GoogleService-Info.plist */,
			);
			path = Travel;
			sourceTree = "<group>";
		};
		9D4A148921525C3300748E06 /* Views */ = {
			isa = PBXGroup;
			children = (
				9D6B5D01216F4C0100066756 /* Triplist */,
				9D96457A21613BCC00D6E42E /* CalendarCell */,
				9DDE5B692160616B0096C4FC /* TripSelection */,
				9DF3402B215D3F8E002A957D /* Checklist */,
				9DF34020215CD820002A957D /* WeatherTableViewCell */,
				9DF34019215C9080002A957D /* PreservedTableViewCell */,
				9DF61B352159DFA8005919E8 /* MyTripsCell */,
			);
			path = Views;
			sourceTree = "<group>";
		};
		9D4A148A21525C5100748E06 /* Model */ = {
			isa = PBXGroup;
			children = (
				9D4A149221533E9600748E06 /* FacebookManager.swift */,
				9DFD95BF2164F0520098DE55 /* TripsManager.swift */,
				9DADC85421650DA6008D50D2 /* TripsProvider.swift */,
				9DADC8502164F4C9008D50D2 /* TripsError.swift */,
				9DADC85221650AEA008D50D2 /* Trips.swift */,
				9DDE5B63215F84B50096C4FC /* AlertManager.swift */,
				9DF74F28216C56FA003D4605 /* PhotoProvider.swift */,
				9DFA4FF12168704300A9C13F /* Checklist.swift */,
			);
			path = Model;
			sourceTree = "<group>";
		};
		9D4A148B21525C6500748E06 /* Controller */ = {
			isa = PBXGroup;
			children = (
				9DA095AF2153C297008C1358 /* SearchNaviViewController.swift */,
				9DF61B3A215A0950005919E8 /* TripNaviViewController.swift */,
				9D4A148E2152627C00748E06 /* LoginViewController.swift */,
				9DA095AB2153ABB1008C1358 /* SearchViewController.swift */,
				9DDE5B60215F4F310096C4FC /* DetailViewController.swift */,
				9DF64F3F21589670000D0300 /* MyTripViewController.swift */,
				9DF61B3C215A0C7B005919E8 /* TripListViewController.swift */,
				9DF61B40215A162F005919E8 /* TabBarViewController.swift */,
				9DF34017215C8FF3002A957D /* PreservedViewController.swift */,
				9DF64F41215896F9000D0300 /* ChecklistViewController.swift */,
				9DF64F4321589715000D0300 /* ProfileViewController.swift */,
				9D6C1584215E846100574A12 /* CreateTripViewController.swift */,
				9DDE5B67215FD7160096C4FC /* TripSelectionViewController.swift */,
				9DD30ACF2172526A00AF7BC1 /* ViewController.swift */,
			);
			path = Controller;
			sourceTree = "<group>";
		};
		9D4A148C21525C7100748E06 /* Extension */ = {
			isa = PBXGroup;
			children = (
				9D4A14872152560D00748E06 /* UIView+Extension.swift */,
				9DF61B45215A2629005919E8 /* UIStoryboard+Extension.swift */,
			);
			path = Extension;
			sourceTree = "<group>";
		};
		9D4A148D21525CA700748E06 /* Storyboard */ = {
			isa = PBXGroup;
			children = (
				9D0E19712151FE1C00CE1C4A /* Main.storyboard */,
				9D4A14852152543100748E06 /* Login.storyboard */,
				9DA095A72153A3CA008C1358 /* Search.storyboard */,
				9DF34014215C6873002A957D /* MyTrip.storyboard */,
				9DF3400E215C67B9002A957D /* Preserved.storyboard */,
				9DF34010215C67E7002A957D /* Checklist.storyboard */,
				9DF34012215C6809002A957D /* Profile.storyboard */,
			);
			path = Storyboard;
			sourceTree = "<group>";
		};
		9D6B5D01216F4C0100066756 /* Triplist */ = {
			isa = PBXGroup;
			children = (
				9DF143C9215B7934004E2DF1 /* TripListTableViewCell.swift */,
				9DF143CA215B7934004E2DF1 /* TripListTableViewCell.xib */,
				9D26487A216E401300718F7A /* TripListFooter.swift */,
				9D26487C216E402600718F7A /* TripListFooter.xib */,
				9DD30AD321733E7D00AF7BC1 /* TriplistHeader.swift */,
				9DD30AD521733E9900AF7BC1 /* TriplistHeader.xib */,
				9DF61B59215A62D7005919E8 /* MenuBarCollectionViewCell.swift */,
				9DF61B5A215A62D7005919E8 /* MenuBarCollectionViewCell.xib */,
				9D6B5D02216F4C3500066756 /* DayCollectionFooter.swift */,
				9D6B5D06216F5A6000066756 /* DayCollectionFooter.xib */,
			);
			path = Triplist;
			sourceTree = "<group>";
		};
		9D96457A21613BCC00D6E42E /* CalendarCell */ = {
			isa = PBXGroup;
			children = (
				9D96457B21613BF600D6E42E /* CustomCell.swift */,
				9DEFCBBF21634B1E00CE452A /* CalendarHeader.swift */,
			);
			path = CalendarCell;
			sourceTree = "<group>";
		};
		9DD30AAB21724F7E00AF7BC1 /* SanFranciscoFont */ = {
			isa = PBXGroup;
			children = (
				9DD30AB921724F9900AF7BC1 /* SFCompactDisplay-Bold.otf */,
				9DD30AB821724F9900AF7BC1 /* SFCompactDisplay-Light.otf */,
				9DD30ABF21724F9A00AF7BC1 /* SFCompactDisplay-Medium.otf */,
				9DD30AB021724F9800AF7BC1 /* SFCompactDisplay-Regular.otf */,
				9DD30ABA21724F9900AF7BC1 /* SFCompactDisplay-Semibold.otf */,
				9DD30AB121724F9800AF7BC1 /* SFCompactDisplay-Thin.otf */,
				9DD30AD1217255BC00AF7BC1 /* SFCompactDisplay-Ultralight.otf */,
				9DD30AAD21724F9800AF7BC1 /* SFCompactText-Bold.otf */,
				9DD30AB221724F9800AF7BC1 /* SFCompactText-Light.otf */,
				9DD30AAC21724F9800AF7BC1 /* SFCompactText-Medium.otf */,
				9DD30ABD21724F9A00AF7BC1 /* SFCompactText-Regular.otf */,
				9DD30AB421724F9900AF7BC1 /* SFCompactText-Semibold.otf */,
			);
			path = SanFranciscoFont;
			sourceTree = "<group>";
		};
		9DD30AC221724FD400AF7BC1 /* Resources */ = {
			isa = PBXGroup;
			children = (
				9DD30AAB21724F7E00AF7BC1 /* SanFranciscoFont */,
			);
			path = Resources;
			sourceTree = "<group>";
		};
		9DDE5B692160616B0096C4FC /* TripSelection */ = {
			isa = PBXGroup;
			children = (
				9DDE5B70216062050096C4FC /* TripTableViewCell.swift */,
				9DDE5B71216062050096C4FC /* TripTableViewCell.xib */,
				9DDE5B6C216061B60096C4FC /* DayCollectionViewCell.swift */,
				9DDE5B6D216061B60096C4FC /* DayCollectionViewCell.xib */,
			);
			path = TripSelection;
			sourceTree = "<group>";
		};
		9DF34016215C7036002A957D /* Support */ = {
			isa = PBXGroup;
			children = (
				9DD7944421620EDA00C42800 /* TravelColor.swift */,
			);
			path = Support;
			sourceTree = "<group>";
		};
		9DF34019215C9080002A957D /* PreservedTableViewCell */ = {
			isa = PBXGroup;
			children = (
				9DF3401A215C90AF002A957D /* PreservedTableViewCell.swift */,
				9DF3401B215C90AF002A957D /* PreservedTableViewCell.xib */,
			);
			path = PreservedTableViewCell;
			sourceTree = "<group>";
		};
		9DF34020215CD820002A957D /* WeatherTableViewCell */ = {
			isa = PBXGroup;
			children = (
				9DF34021215CD875002A957D /* WeatherTableViewCell.swift */,
				9DF34022215CD875002A957D /* WeatherTableViewCell.xib */,
			);
			path = WeatherTableViewCell;
			sourceTree = "<group>";
		};
		9DF3402B215D3F8E002A957D /* Checklist */ = {
			isa = PBXGroup;
			children = (
				9DF34033215DD745002A957D /* ChecklistFooter.swift */,
				9DF34034215DD745002A957D /* ChecklistFooter.xib */,
				9DF3402E215D401B002A957D /* ChecklistHeader.swift */,
				9DF3402F215D401B002A957D /* ChecklistHeader.xib */,
				9DF34026215CE285002A957D /* ChecklistTableViewCell.swift */,
				9DF34027215CE285002A957D /* ChecklistTableViewCell.xib */,
			);
			path = Checklist;
			sourceTree = "<group>";
		};
		9DF61B352159DFA8005919E8 /* MyTripsCell */ = {
			isa = PBXGroup;
			children = (
				9DF61B362159DFF4005919E8 /* MyTripsCell.swift */,
				9DF61B372159DFF4005919E8 /* MyTripsCell.xib */,
			);
			path = MyTripsCell;
			sourceTree = "<group>";
		};
		9DF61B42215A1833005919E8 /* Data */ = {
			isa = PBXGroup;
			children = (
				9D514DAE2175C79700A39151 /* Photos.swift */,
			);
			path = Data;
			sourceTree = "<group>";
		};
/* End PBXGroup section */

/* Begin PBXNativeTarget section */
		9D0E19692151FE1C00CE1C4A /* Travel */ = {
			isa = PBXNativeTarget;
			buildConfigurationList = 9D0E197C2151FE1D00CE1C4A /* Build configuration list for PBXNativeTarget "Travel" */;
			buildPhases = (
				85047F1ADD00EAE4D65B73AD /* [CP] Check Pods Manifest.lock */,
				9D0E19662151FE1C00CE1C4A /* Sources */,
				9D0E19672151FE1C00CE1C4A /* Frameworks */,
				9D0E19682151FE1C00CE1C4A /* Resources */,
				78669185A45AFD901E847112 /* [CP] Embed Pods Frameworks */,
				9D4A1494215357B500748E06 /* Run Script */,
				F3F8FBDB49D0CB3CF52FA973 /* [CP] Copy Pods Resources */,
			);
			buildRules = (
			);
			dependencies = (
			);
			name = Travel;
			productName = Travel;
			productReference = 9D0E196A2151FE1C00CE1C4A /* Travel.app */;
			productType = "com.apple.product-type.application";
		};
/* End PBXNativeTarget section */

/* Begin PBXProject section */
		9D0E19622151FE1C00CE1C4A /* Project object */ = {
			isa = PBXProject;
			attributes = {
				LastSwiftUpdateCheck = 1000;
				LastUpgradeCheck = 1000;
				ORGANIZATIONNAME = TaiHsinLee;
				TargetAttributes = {
					9D0E19692151FE1C00CE1C4A = {
						CreatedOnToolsVersion = 10.0;
					};
				};
			};
			buildConfigurationList = 9D0E19652151FE1C00CE1C4A /* Build configuration list for PBXProject "Travel" */;
			compatibilityVersion = "Xcode 9.3";
			developmentRegion = en;
			hasScannedForEncodings = 0;
			knownRegions = (
				en,
				Base,
			);
			mainGroup = 9D0E19612151FE1C00CE1C4A;
			productRefGroup = 9D0E196B2151FE1C00CE1C4A /* Products */;
			projectDirPath = "";
			projectRoot = "";
			targets = (
				9D0E19692151FE1C00CE1C4A /* Travel */,
			);
		};
/* End PBXProject section */

/* Begin PBXResourcesBuildPhase section */
		9D0E19682151FE1C00CE1C4A /* Resources */ = {
			isa = PBXResourcesBuildPhase;
			buildActionMask = 2147483647;
			files = (
				9DD30AC52172503700AF7BC1 /* SFCompactText-Medium.otf in Resources */,
				9DD30ACB2172505600AF7BC1 /* SFCompactText-Semibold.otf in Resources */,
				9D4A14862152543100748E06 /* Login.storyboard in Resources */,
				9DF61B5C215A62D7005919E8 /* MenuBarCollectionViewCell.xib in Resources */,
				9DD30AD2217255C700AF7BC1 /* SFCompactDisplay-Ultralight.otf in Resources */,
				9D26487D216E402600718F7A /* TripListFooter.xib in Resources */,
				9DD30AD621733E9900AF7BC1 /* TriplistHeader.xib in Resources */,
				9DF143CC215B7934004E2DF1 /* TripListTableViewCell.xib in Resources */,
				9DD30AC82172504D00AF7BC1 /* SFCompactDisplay-Medium.otf in Resources */,
				9D0E19782151FE1D00CE1C4A /* LaunchScreen.storyboard in Resources */,
				9DD30ACD2172506000AF7BC1 /* SFCompactText-Bold.otf in Resources */,
				9DD30ACA2172505300AF7BC1 /* SFCompactDisplay-Semibold.otf in Resources */,
				9DF3400F215C67B9002A957D /* Preserved.storyboard in Resources */,
				9DF34013215C6809002A957D /* Profile.storyboard in Resources */,
				9DDE5B6F216061B60096C4FC /* DayCollectionViewCell.xib in Resources */,
				9DF34011215C67E7002A957D /* Checklist.storyboard in Resources */,
				9DDE5B73216062050096C4FC /* TripTableViewCell.xib in Resources */,
				9DF34024215CD875002A957D /* WeatherTableViewCell.xib in Resources */,
				9DF34036215DD745002A957D /* ChecklistFooter.xib in Resources */,
				9DF34029215CE285002A957D /* ChecklistTableViewCell.xib in Resources */,
				9D4A14912152A56600748E06 /* GoogleService-Info.plist in Resources */,
				9DF34031215D401B002A957D /* ChecklistHeader.xib in Resources */,
				9DD30ACC2172505900AF7BC1 /* SFCompactDisplay-Bold.otf in Resources */,
				9DD30AC92172505000AF7BC1 /* SFCompactDisplay-Regular.otf in Resources */,
				9D6B5D07216F5A6000066756 /* DayCollectionFooter.xib in Resources */,
				9DD30ACE2172506800AF7BC1 /* SFCompactDisplay-Thin.otf in Resources */,
				9DA095A82153A3CA008C1358 /* Search.storyboard in Resources */,
				9DD30AC72172504A00AF7BC1 /* SFCompactDisplay-Light.otf in Resources */,
				9DF61B392159DFF4005919E8 /* MyTripsCell.xib in Resources */,
				9DF34015215C6873002A957D /* MyTrip.storyboard in Resources */,
				9DD30AC32172502500AF7BC1 /* SFCompactText-Regular.otf in Resources */,
				9DF3401D215C90AF002A957D /* PreservedTableViewCell.xib in Resources */,
				9DDE5B66215FC63F0096C4FC /* Assets.xcassets in Resources */,
				9DD30AC62172503E00AF7BC1 /* SFCompactText-Light.otf in Resources */,
				9D0E19732151FE1C00CE1C4A /* Main.storyboard in Resources */,
			);
			runOnlyForDeploymentPostprocessing = 0;
		};
/* End PBXResourcesBuildPhase section */

/* Begin PBXShellScriptBuildPhase section */
		78669185A45AFD901E847112 /* [CP] Embed Pods Frameworks */ = {
			isa = PBXShellScriptBuildPhase;
			buildActionMask = 2147483647;
			files = (
			);
			inputPaths = (
				"${SRCROOT}/Pods/Target Support Files/Pods-Travel/Pods-Travel-frameworks.sh",
				"${BUILT_PRODUCTS_DIR}/Bolts/Bolts.framework",
				"${BUILT_PRODUCTS_DIR}/FBSDKCoreKit/FBSDKCoreKit.framework",
				"${BUILT_PRODUCTS_DIR}/FBSDKLoginKit/FBSDKLoginKit.framework",
				"${BUILT_PRODUCTS_DIR}/FBSDKShareKit/FBSDKShareKit.framework",
				"${BUILT_PRODUCTS_DIR}/GTMSessionFetcher/GTMSessionFetcher.framework",
				"${BUILT_PRODUCTS_DIR}/GoogleUtilities/GoogleUtilities.framework",
				"${BUILT_PRODUCTS_DIR}/IQKeyboardManagerSwift/IQKeyboardManagerSwift.framework",
				"${BUILT_PRODUCTS_DIR}/JTAppleCalendar/JTAppleCalendar.framework",
				"${BUILT_PRODUCTS_DIR}/KeychainAccess/KeychainAccess.framework",
				"${BUILT_PRODUCTS_DIR}/Kingfisher/Kingfisher.framework",
				"${BUILT_PRODUCTS_DIR}/NVActivityIndicatorView/NVActivityIndicatorView.framework",
				"${BUILT_PRODUCTS_DIR}/leveldb-library/leveldb.framework",
				"${BUILT_PRODUCTS_DIR}/nanopb/nanopb.framework",
			);
			name = "[CP] Embed Pods Frameworks";
			outputPaths = (
				"${TARGET_BUILD_DIR}/${FRAMEWORKS_FOLDER_PATH}/Bolts.framework",
				"${TARGET_BUILD_DIR}/${FRAMEWORKS_FOLDER_PATH}/FBSDKCoreKit.framework",
				"${TARGET_BUILD_DIR}/${FRAMEWORKS_FOLDER_PATH}/FBSDKLoginKit.framework",
				"${TARGET_BUILD_DIR}/${FRAMEWORKS_FOLDER_PATH}/FBSDKShareKit.framework",
				"${TARGET_BUILD_DIR}/${FRAMEWORKS_FOLDER_PATH}/GTMSessionFetcher.framework",
				"${TARGET_BUILD_DIR}/${FRAMEWORKS_FOLDER_PATH}/GoogleUtilities.framework",
				"${TARGET_BUILD_DIR}/${FRAMEWORKS_FOLDER_PATH}/IQKeyboardManagerSwift.framework",
				"${TARGET_BUILD_DIR}/${FRAMEWORKS_FOLDER_PATH}/JTAppleCalendar.framework",
				"${TARGET_BUILD_DIR}/${FRAMEWORKS_FOLDER_PATH}/KeychainAccess.framework",
				"${TARGET_BUILD_DIR}/${FRAMEWORKS_FOLDER_PATH}/Kingfisher.framework",
				"${TARGET_BUILD_DIR}/${FRAMEWORKS_FOLDER_PATH}/NVActivityIndicatorView.framework",
				"${TARGET_BUILD_DIR}/${FRAMEWORKS_FOLDER_PATH}/leveldb.framework",
				"${TARGET_BUILD_DIR}/${FRAMEWORKS_FOLDER_PATH}/nanopb.framework",
			);
			runOnlyForDeploymentPostprocessing = 0;
			shellPath = /bin/sh;
			shellScript = "\"${SRCROOT}/Pods/Target Support Files/Pods-Travel/Pods-Travel-frameworks.sh\"\n";
			showEnvVarsInLog = 0;
		};
		85047F1ADD00EAE4D65B73AD /* [CP] Check Pods Manifest.lock */ = {
			isa = PBXShellScriptBuildPhase;
			buildActionMask = 2147483647;
			files = (
			);
			inputPaths = (
				"${PODS_PODFILE_DIR_PATH}/Podfile.lock",
				"${PODS_ROOT}/Manifest.lock",
			);
			name = "[CP] Check Pods Manifest.lock";
			outputPaths = (
				"$(DERIVED_FILE_DIR)/Pods-Travel-checkManifestLockResult.txt",
			);
			runOnlyForDeploymentPostprocessing = 0;
			shellPath = /bin/sh;
			shellScript = "diff \"${PODS_PODFILE_DIR_PATH}/Podfile.lock\" \"${PODS_ROOT}/Manifest.lock\" > /dev/null\nif [ $? != 0 ] ; then\n    # print error to STDERR\n    echo \"error: The sandbox is not in sync with the Podfile.lock. Run 'pod install' or update your CocoaPods installation.\" >&2\n    exit 1\nfi\n# This output is used by Xcode 'outputs' to avoid re-running this script phase.\necho \"SUCCESS\" > \"${SCRIPT_OUTPUT_FILE_0}\"\n";
			showEnvVarsInLog = 0;
		};
		9D4A1494215357B500748E06 /* Run Script */ = {
			isa = PBXShellScriptBuildPhase;
			buildActionMask = 2147483647;
			files = (
			);
			inputPaths = (
				"$(BUILT_PRODUCTS_DIR)/$(INFOPLIST_PATH)",
			);
			name = "Run Script";
			outputPaths = (
			);
			runOnlyForDeploymentPostprocessing = 0;
			shellPath = /bin/sh;
			shellScript = "\"${PODS_ROOT}/SwiftLint/swiftlint\"\n\"${PODS_ROOT}/Fabric/run\" a06359c6a4d729556eb42574cce42dd2f5b30490 9c9af6b75273f819018afe64b3847de23a8a7030c2aaace5410d422f16a0c5cd\n";
		};
		F3F8FBDB49D0CB3CF52FA973 /* [CP] Copy Pods Resources */ = {
			isa = PBXShellScriptBuildPhase;
			buildActionMask = 2147483647;
			files = (
			);
			inputPaths = (
				"${SRCROOT}/Pods/Target Support Files/Pods-Travel/Pods-Travel-resources.sh",
				"${PODS_ROOT}/GoogleMaps/Maps/Frameworks/GoogleMaps.framework/Resources/GoogleMaps.bundle",
				"${PODS_ROOT}/GooglePlacePicker/Frameworks/GooglePlacePicker.framework/Resources/GooglePlacePicker.bundle",
				"${PODS_ROOT}/GooglePlaces/Frameworks/GooglePlaces.framework/Resources/GooglePlaces.bundle",
			);
			name = "[CP] Copy Pods Resources";
			outputPaths = (
				"${TARGET_BUILD_DIR}/${UNLOCALIZED_RESOURCES_FOLDER_PATH}/GoogleMaps.bundle",
				"${TARGET_BUILD_DIR}/${UNLOCALIZED_RESOURCES_FOLDER_PATH}/GooglePlacePicker.bundle",
				"${TARGET_BUILD_DIR}/${UNLOCALIZED_RESOURCES_FOLDER_PATH}/GooglePlaces.bundle",
			);
			runOnlyForDeploymentPostprocessing = 0;
			shellPath = /bin/sh;
			shellScript = "\"${SRCROOT}/Pods/Target Support Files/Pods-Travel/Pods-Travel-resources.sh\"\n";
			showEnvVarsInLog = 0;
		};
/* End PBXShellScriptBuildPhase section */

/* Begin PBXSourcesBuildPhase section */
		9D0E19662151FE1C00CE1C4A /* Sources */ = {
			isa = PBXSourcesBuildPhase;
			buildActionMask = 2147483647;
			files = (
				9D26487B216E401300718F7A /* TripListFooter.swift in Sources */,
				9DDE5B6E216061B60096C4FC /* DayCollectionViewCell.swift in Sources */,
				9DF61B382159DFF4005919E8 /* MyTripsCell.swift in Sources */,
				9DA095AC2153ABB1008C1358 /* SearchViewController.swift in Sources */,
				9DF61B5B215A62D7005919E8 /* MenuBarCollectionViewCell.swift in Sources */,
				9DADC8512164F4C9008D50D2 /* TripsError.swift in Sources */,
				9D514DAF2175C79700A39151 /* Photos.swift in Sources */,
				9DF64F4421589715000D0300 /* ProfileViewController.swift in Sources */,
				9DADC85321650AEA008D50D2 /* Trips.swift in Sources */,
				9DF34035215DD745002A957D /* ChecklistFooter.swift in Sources */,
				9D96457D21613BF600D6E42E /* CustomCell.swift in Sources */,
				9DF61B3B215A0950005919E8 /* TripNaviViewController.swift in Sources */,
				9DF74F29216C56FA003D4605 /* PhotoProvider.swift in Sources */,
				9DD30AD421733E7D00AF7BC1 /* TriplistHeader.swift in Sources */,
				9DF143CB215B7934004E2DF1 /* TripListTableViewCell.swift in Sources */,
				9DDE5B64215F84B50096C4FC /* AlertManager.swift in Sources */,
				9DF61B41215A162F005919E8 /* TabBarViewController.swift in Sources */,
				9D6C1585215E846100574A12 /* CreateTripViewController.swift in Sources */,
				9DF61B46215A2629005919E8 /* UIStoryboard+Extension.swift in Sources */,
				9DD30AD02172526A00AF7BC1 /* ViewController.swift in Sources */,
				9DDE5B68215FD7160096C4FC /* TripSelectionViewController.swift in Sources */,
				9DF34023215CD875002A957D /* WeatherTableViewCell.swift in Sources */,
				9DF61B3D215A0C7B005919E8 /* TripListViewController.swift in Sources */,
				9DDE5B61215F4F310096C4FC /* DetailViewController.swift in Sources */,
				9DF64F4021589670000D0300 /* MyTripViewController.swift in Sources */,
				9D4A148F2152627C00748E06 /* LoginViewController.swift in Sources */,
				9DF3401C215C90AF002A957D /* PreservedTableViewCell.swift in Sources */,
				9DFD95C02164F0520098DE55 /* TripsManager.swift in Sources */,
				9D4A14882152560D00748E06 /* UIView+Extension.swift in Sources */,
				9DF34030215D401B002A957D /* ChecklistHeader.swift in Sources */,
				9DF64F42215896F9000D0300 /* ChecklistViewController.swift in Sources */,
				9D4A149321533E9600748E06 /* FacebookManager.swift in Sources */,
				9DD7944521620EDA00C42800 /* TravelColor.swift in Sources */,
				9DDE5B72216062050096C4FC /* TripTableViewCell.swift in Sources */,
				9DA095B02153C297008C1358 /* SearchNaviViewController.swift in Sources */,
				9D6B5D03216F4C3500066756 /* DayCollectionFooter.swift in Sources */,
				9D0E196E2151FE1C00CE1C4A /* AppDelegate.swift in Sources */,
				9DEFCBC021634B1E00CE452A /* CalendarHeader.swift in Sources */,
				9DF34028215CE285002A957D /* ChecklistTableViewCell.swift in Sources */,
				9DADC85521650DA6008D50D2 /* TripsProvider.swift in Sources */,
				9DFA4FF22168704300A9C13F /* Checklist.swift in Sources */,
				9DF34018215C8FF3002A957D /* PreservedViewController.swift in Sources */,
			);
			runOnlyForDeploymentPostprocessing = 0;
		};
/* End PBXSourcesBuildPhase section */

/* Begin PBXVariantGroup section */
		9D0E19712151FE1C00CE1C4A /* Main.storyboard */ = {
			isa = PBXVariantGroup;
			children = (
				9D0E19722151FE1C00CE1C4A /* Base */,
			);
			name = Main.storyboard;
			sourceTree = "<group>";
		};
		9D0E19762151FE1D00CE1C4A /* LaunchScreen.storyboard */ = {
			isa = PBXVariantGroup;
			children = (
				9D0E19772151FE1D00CE1C4A /* Base */,
			);
			name = LaunchScreen.storyboard;
			sourceTree = "<group>";
		};
/* End PBXVariantGroup section */

/* Begin XCBuildConfiguration section */
		9D0E197A2151FE1D00CE1C4A /* Debug */ = {
			isa = XCBuildConfiguration;
			buildSettings = {
				ALWAYS_SEARCH_USER_PATHS = NO;
				CLANG_ANALYZER_NONNULL = YES;
				CLANG_ANALYZER_NUMBER_OBJECT_CONVERSION = YES_AGGRESSIVE;
				CLANG_CXX_LANGUAGE_STANDARD = "gnu++14";
				CLANG_CXX_LIBRARY = "libc++";
				CLANG_ENABLE_MODULES = YES;
				CLANG_ENABLE_OBJC_ARC = YES;
				CLANG_ENABLE_OBJC_WEAK = YES;
				CLANG_WARN_BLOCK_CAPTURE_AUTORELEASING = YES;
				CLANG_WARN_BOOL_CONVERSION = YES;
				CLANG_WARN_COMMA = YES;
				CLANG_WARN_CONSTANT_CONVERSION = YES;
				CLANG_WARN_DEPRECATED_OBJC_IMPLEMENTATIONS = YES;
				CLANG_WARN_DIRECT_OBJC_ISA_USAGE = YES_ERROR;
				CLANG_WARN_DOCUMENTATION_COMMENTS = YES;
				CLANG_WARN_EMPTY_BODY = YES;
				CLANG_WARN_ENUM_CONVERSION = YES;
				CLANG_WARN_INFINITE_RECURSION = YES;
				CLANG_WARN_INT_CONVERSION = YES;
				CLANG_WARN_NON_LITERAL_NULL_CONVERSION = YES;
				CLANG_WARN_OBJC_IMPLICIT_RETAIN_SELF = YES;
				CLANG_WARN_OBJC_LITERAL_CONVERSION = YES;
				CLANG_WARN_OBJC_ROOT_CLASS = YES_ERROR;
				CLANG_WARN_RANGE_LOOP_ANALYSIS = YES;
				CLANG_WARN_STRICT_PROTOTYPES = YES;
				CLANG_WARN_SUSPICIOUS_MOVE = YES;
				CLANG_WARN_UNGUARDED_AVAILABILITY = YES_AGGRESSIVE;
				CLANG_WARN_UNREACHABLE_CODE = YES;
				CLANG_WARN__DUPLICATE_METHOD_MATCH = YES;
				CODE_SIGN_IDENTITY = "iPhone Developer";
				COPY_PHASE_STRIP = NO;
				DEBUG_INFORMATION_FORMAT = "dwarf-with-dsym";
				ENABLE_STRICT_OBJC_MSGSEND = YES;
				ENABLE_TESTABILITY = YES;
				GCC_C_LANGUAGE_STANDARD = gnu11;
				GCC_DYNAMIC_NO_PIC = NO;
				GCC_NO_COMMON_BLOCKS = YES;
				GCC_OPTIMIZATION_LEVEL = 0;
				GCC_PREPROCESSOR_DEFINITIONS = (
					"DEBUG=1",
					"$(inherited)",
				);
				GCC_WARN_64_TO_32_BIT_CONVERSION = YES;
				GCC_WARN_ABOUT_RETURN_TYPE = YES_ERROR;
				GCC_WARN_UNDECLARED_SELECTOR = YES;
				GCC_WARN_UNINITIALIZED_AUTOS = YES_AGGRESSIVE;
				GCC_WARN_UNUSED_FUNCTION = YES;
				GCC_WARN_UNUSED_VARIABLE = YES;
				IPHONEOS_DEPLOYMENT_TARGET = 12.0;
				MTL_ENABLE_DEBUG_INFO = INCLUDE_SOURCE;
				MTL_FAST_MATH = YES;
				ONLY_ACTIVE_ARCH = YES;
				SDKROOT = iphoneos;
				SWIFT_ACTIVE_COMPILATION_CONDITIONS = DEBUG;
				SWIFT_OPTIMIZATION_LEVEL = "-Onone";
			};
			name = Debug;
		};
		9D0E197B2151FE1D00CE1C4A /* Release */ = {
			isa = XCBuildConfiguration;
			buildSettings = {
				ALWAYS_SEARCH_USER_PATHS = NO;
				CLANG_ANALYZER_NONNULL = YES;
				CLANG_ANALYZER_NUMBER_OBJECT_CONVERSION = YES_AGGRESSIVE;
				CLANG_CXX_LANGUAGE_STANDARD = "gnu++14";
				CLANG_CXX_LIBRARY = "libc++";
				CLANG_ENABLE_MODULES = YES;
				CLANG_ENABLE_OBJC_ARC = YES;
				CLANG_ENABLE_OBJC_WEAK = YES;
				CLANG_WARN_BLOCK_CAPTURE_AUTORELEASING = YES;
				CLANG_WARN_BOOL_CONVERSION = YES;
				CLANG_WARN_COMMA = YES;
				CLANG_WARN_CONSTANT_CONVERSION = YES;
				CLANG_WARN_DEPRECATED_OBJC_IMPLEMENTATIONS = YES;
				CLANG_WARN_DIRECT_OBJC_ISA_USAGE = YES_ERROR;
				CLANG_WARN_DOCUMENTATION_COMMENTS = YES;
				CLANG_WARN_EMPTY_BODY = YES;
				CLANG_WARN_ENUM_CONVERSION = YES;
				CLANG_WARN_INFINITE_RECURSION = YES;
				CLANG_WARN_INT_CONVERSION = YES;
				CLANG_WARN_NON_LITERAL_NULL_CONVERSION = YES;
				CLANG_WARN_OBJC_IMPLICIT_RETAIN_SELF = YES;
				CLANG_WARN_OBJC_LITERAL_CONVERSION = YES;
				CLANG_WARN_OBJC_ROOT_CLASS = YES_ERROR;
				CLANG_WARN_RANGE_LOOP_ANALYSIS = YES;
				CLANG_WARN_STRICT_PROTOTYPES = YES;
				CLANG_WARN_SUSPICIOUS_MOVE = YES;
				CLANG_WARN_UNGUARDED_AVAILABILITY = YES_AGGRESSIVE;
				CLANG_WARN_UNREACHABLE_CODE = YES;
				CLANG_WARN__DUPLICATE_METHOD_MATCH = YES;
				CODE_SIGN_IDENTITY = "iPhone Developer";
				COPY_PHASE_STRIP = NO;
				DEBUG_INFORMATION_FORMAT = "dwarf-with-dsym";
				ENABLE_NS_ASSERTIONS = NO;
				ENABLE_STRICT_OBJC_MSGSEND = YES;
				GCC_C_LANGUAGE_STANDARD = gnu11;
				GCC_NO_COMMON_BLOCKS = YES;
				GCC_WARN_64_TO_32_BIT_CONVERSION = YES;
				GCC_WARN_ABOUT_RETURN_TYPE = YES_ERROR;
				GCC_WARN_UNDECLARED_SELECTOR = YES;
				GCC_WARN_UNINITIALIZED_AUTOS = YES_AGGRESSIVE;
				GCC_WARN_UNUSED_FUNCTION = YES;
				GCC_WARN_UNUSED_VARIABLE = YES;
				IPHONEOS_DEPLOYMENT_TARGET = 12.0;
				MTL_ENABLE_DEBUG_INFO = NO;
				MTL_FAST_MATH = YES;
				SDKROOT = iphoneos;
				SWIFT_COMPILATION_MODE = wholemodule;
				SWIFT_OPTIMIZATION_LEVEL = "-O";
				VALIDATE_PRODUCT = YES;
			};
			name = Release;
		};
		9D0E197D2151FE1D00CE1C4A /* Debug */ = {
			isa = XCBuildConfiguration;
			baseConfigurationReference = 3DD0A35056E91AD5278D3CA8 /* Pods-Travel.debug.xcconfig */;
			buildSettings = {
				ASSETCATALOG_COMPILER_APPICON_NAME = AppIcon;
				CODE_SIGN_STYLE = Automatic;
				DEBUG_INFORMATION_FORMAT = "dwarf-with-dsym";
				DEVELOPMENT_TEAM = J3AZ8J7WB4;
				INFOPLIST_FILE = Travel/Info.plist;
				LD_RUNPATH_SEARCH_PATHS = (
					"$(inherited)",
					"@executable_path/Frameworks",
				);
				PRODUCT_BUNDLE_IDENTIFIER = com.TaiHsinLee.Travel;
				PRODUCT_NAME = "$(TARGET_NAME)";
				SWIFT_VERSION = 4.2;
				TARGETED_DEVICE_FAMILY = 1;
			};
			name = Debug;
		};
		9D0E197E2151FE1D00CE1C4A /* Release */ = {
			isa = XCBuildConfiguration;
			baseConfigurationReference = CCAEA57933F7E11B89263A7F /* Pods-Travel.release.xcconfig */;
			buildSettings = {
				ASSETCATALOG_COMPILER_APPICON_NAME = AppIcon;
				CODE_SIGN_STYLE = Automatic;
				DEVELOPMENT_TEAM = J3AZ8J7WB4;
				INFOPLIST_FILE = Travel/Info.plist;
				LD_RUNPATH_SEARCH_PATHS = (
					"$(inherited)",
					"@executable_path/Frameworks",
				);
				PRODUCT_BUNDLE_IDENTIFIER = com.TaiHsinLee.Travel;
				PRODUCT_NAME = "$(TARGET_NAME)";
				SWIFT_VERSION = 4.2;
				TARGETED_DEVICE_FAMILY = 1;
			};
			name = Release;
		};
/* End XCBuildConfiguration section */

/* Begin XCConfigurationList section */
		9D0E19652151FE1C00CE1C4A /* Build configuration list for PBXProject "Travel" */ = {
			isa = XCConfigurationList;
			buildConfigurations = (
				9D0E197A2151FE1D00CE1C4A /* Debug */,
				9D0E197B2151FE1D00CE1C4A /* Release */,
			);
			defaultConfigurationIsVisible = 0;
			defaultConfigurationName = Release;
		};
		9D0E197C2151FE1D00CE1C4A /* Build configuration list for PBXNativeTarget "Travel" */ = {
			isa = XCConfigurationList;
			buildConfigurations = (
				9D0E197D2151FE1D00CE1C4A /* Debug */,
				9D0E197E2151FE1D00CE1C4A /* Release */,
			);
			defaultConfigurationIsVisible = 0;
			defaultConfigurationName = Release;
		};
/* End XCConfigurationList section */
	};
	rootObject = 9D0E19622151FE1C00CE1C4A /* Project object */;
}
